// !$*UTF8*$!
{
	archiveVersion = 1;
	classes = {
	};
	objectVersion = 50;
	objects = {

/* Begin PBXBuildFile section */
		6C0F561B2313BE930017192E /* CmdStartDay.swift in Sources */ = {isa = PBXBuildFile; fileRef = 6C0F561A2313BE930017192E /* CmdStartDay.swift */; };
		6C0F561D2313D56E0017192E /* ViewDayInfo.swift in Sources */ = {isa = PBXBuildFile; fileRef = 6C0F561C2313D56E0017192E /* ViewDayInfo.swift */; };
		6C2336E42311387700261944 /* ItemType.swift in Sources */ = {isa = PBXBuildFile; fileRef = 6C2336E32311387700261944 /* ItemType.swift */; };
		6C2336E62311390400261944 /* ItemInfoManager.swift in Sources */ = {isa = PBXBuildFile; fileRef = 6C2336E52311390400261944 /* ItemInfoManager.swift */; };
		6C2336E8231147BA00261944 /* BuildingInfo.swift in Sources */ = {isa = PBXBuildFile; fileRef = 6C2336E7231147BA00261944 /* BuildingInfo.swift */; };
		6C2336EA231147EA00261944 /* BuildingType.swift in Sources */ = {isa = PBXBuildFile; fileRef = 6C2336E9231147EA00261944 /* BuildingType.swift */; };
		6C2336EC2311484C00261944 /* BuildingInfoManager.swift in Sources */ = {isa = PBXBuildFile; fileRef = 6C2336EB2311484C00261944 /* BuildingInfoManager.swift */; };
		6C2336F3231272B300261944 /* CmdEndDay.swift in Sources */ = {isa = PBXBuildFile; fileRef = 6C2336F2231272B300261944 /* CmdEndDay.swift */; };
		6C2336F5231272ED00261944 /* CmdBase.swift in Sources */ = {isa = PBXBuildFile; fileRef = 6C2336F4231272ED00261944 /* CmdBase.swift */; };
		6C2336F72312744D00261944 /* CmdActionUseItem.swift in Sources */ = {isa = PBXBuildFile; fileRef = 6C2336F62312744D00261944 /* CmdActionUseItem.swift */; };
		6C60339B230B60B000746309 /* AppDelegate.swift in Sources */ = {isa = PBXBuildFile; fileRef = 6C60339A230B60B000746309 /* AppDelegate.swift */; };
		6C60339D230B60B000746309 /* GameScene.sks in Resources */ = {isa = PBXBuildFile; fileRef = 6C60339C230B60B000746309 /* GameScene.sks */; };
		6C6033A1230B60B000746309 /* GameScene.swift in Sources */ = {isa = PBXBuildFile; fileRef = 6C6033A0230B60B000746309 /* GameScene.swift */; };
		6C6033A3230B60B000746309 /* ViewController.swift in Sources */ = {isa = PBXBuildFile; fileRef = 6C6033A2230B60B000746309 /* ViewController.swift */; };
		6C6033A5230B60B300746309 /* Assets.xcassets in Resources */ = {isa = PBXBuildFile; fileRef = 6C6033A4230B60B300746309 /* Assets.xcassets */; };
		6C6033A8230B60B300746309 /* Main.storyboard in Resources */ = {isa = PBXBuildFile; fileRef = 6C6033A6230B60B300746309 /* Main.storyboard */; };
		6C6033B1230B61B600746309 /* SplashScene.sks in Resources */ = {isa = PBXBuildFile; fileRef = 6C6033B0230B61B600746309 /* SplashScene.sks */; };
		6C6033B3230B61BF00746309 /* SplashScene.swift in Sources */ = {isa = PBXBuildFile; fileRef = 6C6033B2230B61BF00746309 /* SplashScene.swift */; };
		6C6033B5230B624700746309 /* BaseScene.swift in Sources */ = {isa = PBXBuildFile; fileRef = 6C6033B4230B624700746309 /* BaseScene.swift */; };
		6C6033BB230B636B00746309 /* GameObject.swift in Sources */ = {isa = PBXBuildFile; fileRef = 6C6033BA230B636B00746309 /* GameObject.swift */; };
		6C6033C4230B648100746309 /* Item.swift in Sources */ = {isa = PBXBuildFile; fileRef = 6C6033C3230B648100746309 /* Item.swift */; };
		6C6033C6230B64B200746309 /* ItemId.swift in Sources */ = {isa = PBXBuildFile; fileRef = 6C6033C5230B64B200746309 /* ItemId.swift */; };
		6C6033C9230B651500746309 /* Inventory.swift in Sources */ = {isa = PBXBuildFile; fileRef = 6C6033C8230B651500746309 /* Inventory.swift */; };
		6C6033CB230B663500746309 /* GameArea.swift in Sources */ = {isa = PBXBuildFile; fileRef = 6C6033CA230B663500746309 /* GameArea.swift */; };
		6C6033CD230B666F00746309 /* World.swift in Sources */ = {isa = PBXBuildFile; fileRef = 6C6033CC230B666F00746309 /* World.swift */; };
		6C6033CF230B66A600746309 /* Location.swift in Sources */ = {isa = PBXBuildFile; fileRef = 6C6033CE230B66A600746309 /* Location.swift */; };
		6C6033D2230B6A1500746309 /* ItemInfo.swift in Sources */ = {isa = PBXBuildFile; fileRef = 6C6033D1230B6A1500746309 /* ItemInfo.swift */; };
		6C6033D5230B72E800746309 /* TileType.swift in Sources */ = {isa = PBXBuildFile; fileRef = 6C6033D4230B72E800746309 /* TileType.swift */; };
		6C6033D7230B731A00746309 /* Tile.swift in Sources */ = {isa = PBXBuildFile; fileRef = 6C6033D6230B731A00746309 /* Tile.swift */; };
		6C6033D9230B7E5600746309 /* TextureManager.swift in Sources */ = {isa = PBXBuildFile; fileRef = 6C6033D8230B7E5600746309 /* TextureManager.swift */; };
		6C6033DC230B833200746309 /* CameraController.swift in Sources */ = {isa = PBXBuildFile; fileRef = 6C6033DB230B833200746309 /* CameraController.swift */; };
		6C6033DF230B850C00746309 /* Person.swift in Sources */ = {isa = PBXBuildFile; fileRef = 6C6033DE230B850C00746309 /* Person.swift */; };
		6C6033E2230BA4F000746309 /* Utils.swift in Sources */ = {isa = PBXBuildFile; fileRef = 6C6033E1230BA4F000746309 /* Utils.swift */; };
		6C6D78DD2321F8BB00573B25 /* PortraitId.swift in Sources */ = {isa = PBXBuildFile; fileRef = 6C6D78DC2321F8BB00573B25 /* PortraitId.swift */; };
		6C6D78DF232217B900573B25 /* StoreFrontManager.swift in Sources */ = {isa = PBXBuildFile; fileRef = 6C6D78DE232217B900573B25 /* StoreFrontManager.swift */; };
		6C6D78E123221DAC00573B25 /* StoreCatalogManager.swift in Sources */ = {isa = PBXBuildFile; fileRef = 6C6D78E023221DAC00573B25 /* StoreCatalogManager.swift */; };
		6C6D78E32322686500573B25 /* CmdPurchaseItem.swift in Sources */ = {isa = PBXBuildFile; fileRef = 6C6D78E22322686500573B25 /* CmdPurchaseItem.swift */; };
		6C6D78E523226E4E00573B25 /* CmdSellItem.swift in Sources */ = {isa = PBXBuildFile; fileRef = 6C6D78E423226E4E00573B25 /* CmdSellItem.swift */; };
		6C8735542325CB23006020A7 /* AnimationFrame.swift in Sources */ = {isa = PBXBuildFile; fileRef = 6C8735532325CB23006020A7 /* AnimationFrame.swift */; };
		6C8735562325D68B006020A7 /* Animation.swift in Sources */ = {isa = PBXBuildFile; fileRef = 6C8735552325D68B006020A7 /* Animation.swift */; };
		6C97F8D22317808A00940C61 /* ViewInventory.swift in Sources */ = {isa = PBXBuildFile; fileRef = 6C97F8D12317808A00940C61 /* ViewInventory.swift */; };
		6C9D3604230BA7C000168A28 /* InputController.swift in Sources */ = {isa = PBXBuildFile; fileRef = 6C9D3603230BA7C000168A28 /* InputController.swift */; };
		6C9D3607230BA83500168A28 /* PlayerIndex.swift in Sources */ = {isa = PBXBuildFile; fileRef = 6C9D3606230BA83500168A28 /* PlayerIndex.swift */; };
		6C9D3609230BEC3C00168A28 /* ActionController.swift in Sources */ = {isa = PBXBuildFile; fileRef = 6C9D3608230BEC3C00168A28 /* ActionController.swift */; };
		6C9E3DFD230CE2D6007417E1 /* ViewItemButton.swift in Sources */ = {isa = PBXBuildFile; fileRef = 6C9E3DFC230CE2D6007417E1 /* ViewItemButton.swift */; };
		6C9E3E00230CE31B007417E1 /* Config.swift in Sources */ = {isa = PBXBuildFile; fileRef = 6C9E3DFF230CE31B007417E1 /* Config.swift */; };
		6C9E3E02230CFCAE007417E1 /* ViewHotbar.swift in Sources */ = {isa = PBXBuildFile; fileRef = 6C9E3E01230CFCAE007417E1 /* ViewHotbar.swift */; };
		6C9E3E04230D43D3007417E1 /* HudController.swift in Sources */ = {isa = PBXBuildFile; fileRef = 6C9E3E03230D43D3007417E1 /* HudController.swift */; };
		6C9E3E0C230E4C08007417E1 /* HudInterfaceData.swift in Sources */ = {isa = PBXBuildFile; fileRef = 6C9E3E0B230E4C08007417E1 /* HudInterfaceData.swift */; };
		6C9E3E0E230E61D2007417E1 /* ViewMoneyInfo.swift in Sources */ = {isa = PBXBuildFile; fileRef = 6C9E3E0D230E61D2007417E1 /* ViewMoneyInfo.swift */; };
		6C9E3E10230E84F5007417E1 /* Building.swift in Sources */ = {isa = PBXBuildFile; fileRef = 6C9E3E0F230E84F5007417E1 /* Building.swift */; };
		6C9E3E12230E8500007417E1 /* BuildingId.swift in Sources */ = {isa = PBXBuildFile; fileRef = 6C9E3E11230E8500007417E1 /* BuildingId.swift */; };
		6C9E3E15230E8FFE007417E1 /* Teleport.swift in Sources */ = {isa = PBXBuildFile; fileRef = 6C9E3E14230E8FFE007417E1 /* Teleport.swift */; };
		6C9E3E19230EAB8A007417E1 /* AnimationManager.swift in Sources */ = {isa = PBXBuildFile; fileRef = 6C9E3E18230EAB8A007417E1 /* AnimationManager.swift */; };
		6C9E3E1B230F7905007417E1 /* RenderController.swift in Sources */ = {isa = PBXBuildFile; fileRef = 6C9E3E1A230F7905007417E1 /* RenderController.swift */; };
		6C9E3E1D230F79FF007417E1 /* PersonId.swift in Sources */ = {isa = PBXBuildFile; fileRef = 6C9E3E1C230F79FF007417E1 /* PersonId.swift */; };
		6C9E3E1F230F83C5007417E1 /* PersonTexture.swift in Sources */ = {isa = PBXBuildFile; fileRef = 6C9E3E1E230F83C5007417E1 /* PersonTexture.swift */; };
		6C9E3E212310D7A8007417E1 /* ViewSelectedGameTile.swift in Sources */ = {isa = PBXBuildFile; fileRef = 6C9E3E202310D7A8007417E1 /* ViewSelectedGameTile.swift */; };
		6CBC8D12231A5C38005454E1 /* CmdActionHarvest.swift in Sources */ = {isa = PBXBuildFile; fileRef = 6CBC8D11231A5C38005454E1 /* CmdActionHarvest.swift */; };
		6CBC8D14231B425D005454E1 /* MapPoint.swift in Sources */ = {isa = PBXBuildFile; fileRef = 6CBC8D13231B425D005454E1 /* MapPoint.swift */; };
		6CBC8D17231CC833005454E1 /* ActionControllerStateGame.swift in Sources */ = {isa = PBXBuildFile; fileRef = 6CBC8D16231CC833005454E1 /* ActionControllerStateGame.swift */; };
		6CBC8D19231CC8AB005454E1 /* ActionControllerStateInventory.swift in Sources */ = {isa = PBXBuildFile; fileRef = 6CBC8D18231CC8AB005454E1 /* ActionControllerStateInventory.swift */; };
		6CBC8D1B231CF5D4005454E1 /* CmdSaveFile.swift in Sources */ = {isa = PBXBuildFile; fileRef = 6CBC8D1A231CF5D4005454E1 /* CmdSaveFile.swift */; };
		6CBC8D1D231CF5DF005454E1 /* CmdLoadFile.swift in Sources */ = {isa = PBXBuildFile; fileRef = 6CBC8D1C231CF5DF005454E1 /* CmdLoadFile.swift */; };
		6CD007B5231DFB7C008B9825 /* CmdDeleteFile.swift in Sources */ = {isa = PBXBuildFile; fileRef = 6CD007B4231DFB7C008B9825 /* CmdDeleteFile.swift */; };
		6CD007B7231DFCE7008B9825 /* CmdFileExists.swift in Sources */ = {isa = PBXBuildFile; fileRef = 6CD007B6231DFCE7008B9825 /* CmdFileExists.swift */; };
		6CD007BA231F3C15008B9825 /* ViewStore.swift in Sources */ = {isa = PBXBuildFile; fileRef = 6CD007B9231F3C15008B9825 /* ViewStore.swift */; };
		6CD007BC231F3C5D008B9825 /* ViewDialog.swift in Sources */ = {isa = PBXBuildFile; fileRef = 6CD007BB231F3C5D008B9825 /* ViewDialog.swift */; };
		6CD007BE231F4D53008B9825 /* ActionControllerStateDialog.swift in Sources */ = {isa = PBXBuildFile; fileRef = 6CD007BD231F4D53008B9825 /* ActionControllerStateDialog.swift */; };
		6CD007C0231F4DB1008B9825 /* ActionControllerStateStore.swift in Sources */ = {isa = PBXBuildFile; fileRef = 6CD007BF231F4DB1008B9825 /* ActionControllerStateStore.swift */; };
		6CD007C2231FAD4F008B9825 /* Store.swift in Sources */ = {isa = PBXBuildFile; fileRef = 6CD007C1231FAD4F008B9825 /* Store.swift */; };
		6CD007C72320875F008B9825 /* StoreFrontId.swift in Sources */ = {isa = PBXBuildFile; fileRef = 6CD007C62320875F008B9825 /* StoreFrontId.swift */; };
		6CD007C923208783008B9825 /* StoreFront.swift in Sources */ = {isa = PBXBuildFile; fileRef = 6CD007C823208783008B9825 /* StoreFront.swift */; };
		6CD007CB232087EA008B9825 /* StoreCatalog.swift in Sources */ = {isa = PBXBuildFile; fileRef = 6CD007CA232087EA008B9825 /* StoreCatalog.swift */; };
		6CD007CD232087F4008B9825 /* StoreCatalogId.swift in Sources */ = {isa = PBXBuildFile; fileRef = 6CD007CC232087F4008B9825 /* StoreCatalogId.swift */; };
/* End PBXBuildFile section */

/* Begin PBXFileReference section */
		6C0F561A2313BE930017192E /* CmdStartDay.swift */ = {isa = PBXFileReference; fileEncoding = 4; lastKnownFileType = sourcecode.swift; path = CmdStartDay.swift; sourceTree = "<group>"; };
		6C0F561C2313D56E0017192E /* ViewDayInfo.swift */ = {isa = PBXFileReference; fileEncoding = 4; lastKnownFileType = sourcecode.swift; path = ViewDayInfo.swift; sourceTree = "<group>"; };
		6C2336E32311387700261944 /* ItemType.swift */ = {isa = PBXFileReference; fileEncoding = 4; lastKnownFileType = sourcecode.swift; path = ItemType.swift; sourceTree = "<group>"; };
		6C2336E52311390400261944 /* ItemInfoManager.swift */ = {isa = PBXFileReference; fileEncoding = 4; lastKnownFileType = sourcecode.swift; path = ItemInfoManager.swift; sourceTree = "<group>"; };
		6C2336E7231147BA00261944 /* BuildingInfo.swift */ = {isa = PBXFileReference; fileEncoding = 4; lastKnownFileType = sourcecode.swift; path = BuildingInfo.swift; sourceTree = "<group>"; };
		6C2336E9231147EA00261944 /* BuildingType.swift */ = {isa = PBXFileReference; fileEncoding = 4; lastKnownFileType = sourcecode.swift; path = BuildingType.swift; sourceTree = "<group>"; };
		6C2336EB2311484C00261944 /* BuildingInfoManager.swift */ = {isa = PBXFileReference; fileEncoding = 4; lastKnownFileType = sourcecode.swift; path = BuildingInfoManager.swift; sourceTree = "<group>"; };
		6C2336F2231272B300261944 /* CmdEndDay.swift */ = {isa = PBXFileReference; fileEncoding = 4; lastKnownFileType = sourcecode.swift; path = CmdEndDay.swift; sourceTree = "<group>"; };
		6C2336F4231272ED00261944 /* CmdBase.swift */ = {isa = PBXFileReference; fileEncoding = 4; lastKnownFileType = sourcecode.swift; path = CmdBase.swift; sourceTree = "<group>"; };
		6C2336F62312744D00261944 /* CmdActionUseItem.swift */ = {isa = PBXFileReference; fileEncoding = 4; lastKnownFileType = sourcecode.swift; path = CmdActionUseItem.swift; sourceTree = "<group>"; };
		6C603397230B60B000746309 /* RanchFarms.app */ = {isa = PBXFileReference; explicitFileType = wrapper.application; includeInIndex = 0; path = RanchFarms.app; sourceTree = BUILT_PRODUCTS_DIR; };
		6C60339A230B60B000746309 /* AppDelegate.swift */ = {isa = PBXFileReference; lastKnownFileType = sourcecode.swift; path = AppDelegate.swift; sourceTree = "<group>"; };
		6C60339C230B60B000746309 /* GameScene.sks */ = {isa = PBXFileReference; lastKnownFileType = file.sks; path = GameScene.sks; sourceTree = "<group>"; };
		6C6033A0230B60B000746309 /* GameScene.swift */ = {isa = PBXFileReference; lastKnownFileType = sourcecode.swift; path = GameScene.swift; sourceTree = "<group>"; };
		6C6033A2230B60B000746309 /* ViewController.swift */ = {isa = PBXFileReference; lastKnownFileType = sourcecode.swift; path = ViewController.swift; sourceTree = "<group>"; };
		6C6033A4230B60B300746309 /* Assets.xcassets */ = {isa = PBXFileReference; lastKnownFileType = folder.assetcatalog; path = Assets.xcassets; sourceTree = "<group>"; };
		6C6033A7230B60B300746309 /* Base */ = {isa = PBXFileReference; lastKnownFileType = file.storyboard; name = Base; path = Base.lproj/Main.storyboard; sourceTree = "<group>"; };
		6C6033A9230B60B300746309 /* Info.plist */ = {isa = PBXFileReference; lastKnownFileType = text.plist.xml; path = Info.plist; sourceTree = "<group>"; };
		6C6033AA230B60B300746309 /* RanchFarms.entitlements */ = {isa = PBXFileReference; lastKnownFileType = text.plist.entitlements; path = RanchFarms.entitlements; sourceTree = "<group>"; };
		6C6033B0230B61B600746309 /* SplashScene.sks */ = {isa = PBXFileReference; lastKnownFileType = file.sks; path = SplashScene.sks; sourceTree = "<group>"; };
		6C6033B2230B61BF00746309 /* SplashScene.swift */ = {isa = PBXFileReference; fileEncoding = 4; lastKnownFileType = sourcecode.swift; path = SplashScene.swift; sourceTree = "<group>"; };
		6C6033B4230B624700746309 /* BaseScene.swift */ = {isa = PBXFileReference; fileEncoding = 4; lastKnownFileType = sourcecode.swift; path = BaseScene.swift; sourceTree = "<group>"; };
		6C6033BA230B636B00746309 /* GameObject.swift */ = {isa = PBXFileReference; fileEncoding = 4; lastKnownFileType = sourcecode.swift; path = GameObject.swift; sourceTree = "<group>"; };
		6C6033C3230B648100746309 /* Item.swift */ = {isa = PBXFileReference; fileEncoding = 4; lastKnownFileType = sourcecode.swift; path = Item.swift; sourceTree = "<group>"; };
		6C6033C5230B64B200746309 /* ItemId.swift */ = {isa = PBXFileReference; fileEncoding = 4; lastKnownFileType = sourcecode.swift; path = ItemId.swift; sourceTree = "<group>"; };
		6C6033C8230B651500746309 /* Inventory.swift */ = {isa = PBXFileReference; fileEncoding = 4; lastKnownFileType = sourcecode.swift; path = Inventory.swift; sourceTree = "<group>"; };
		6C6033CA230B663500746309 /* GameArea.swift */ = {isa = PBXFileReference; fileEncoding = 4; lastKnownFileType = sourcecode.swift; path = GameArea.swift; sourceTree = "<group>"; };
		6C6033CC230B666F00746309 /* World.swift */ = {isa = PBXFileReference; fileEncoding = 4; lastKnownFileType = sourcecode.swift; path = World.swift; sourceTree = "<group>"; };
		6C6033CE230B66A600746309 /* Location.swift */ = {isa = PBXFileReference; fileEncoding = 4; lastKnownFileType = sourcecode.swift; path = Location.swift; sourceTree = "<group>"; };
		6C6033D1230B6A1500746309 /* ItemInfo.swift */ = {isa = PBXFileReference; fileEncoding = 4; lastKnownFileType = sourcecode.swift; path = ItemInfo.swift; sourceTree = "<group>"; };
		6C6033D4230B72E800746309 /* TileType.swift */ = {isa = PBXFileReference; fileEncoding = 4; lastKnownFileType = sourcecode.swift; path = TileType.swift; sourceTree = "<group>"; };
		6C6033D6230B731A00746309 /* Tile.swift */ = {isa = PBXFileReference; fileEncoding = 4; lastKnownFileType = sourcecode.swift; path = Tile.swift; sourceTree = "<group>"; };
		6C6033D8230B7E5600746309 /* TextureManager.swift */ = {isa = PBXFileReference; fileEncoding = 4; lastKnownFileType = sourcecode.swift; path = TextureManager.swift; sourceTree = "<group>"; };
		6C6033DB230B833200746309 /* CameraController.swift */ = {isa = PBXFileReference; fileEncoding = 4; lastKnownFileType = sourcecode.swift; path = CameraController.swift; sourceTree = "<group>"; };
		6C6033DE230B850C00746309 /* Person.swift */ = {isa = PBXFileReference; fileEncoding = 4; lastKnownFileType = sourcecode.swift; path = Person.swift; sourceTree = "<group>"; };
		6C6033E1230BA4F000746309 /* Utils.swift */ = {isa = PBXFileReference; fileEncoding = 4; lastKnownFileType = sourcecode.swift; path = Utils.swift; sourceTree = "<group>"; };
		6C6D78DC2321F8BB00573B25 /* PortraitId.swift */ = {isa = PBXFileReference; fileEncoding = 4; lastKnownFileType = sourcecode.swift; path = PortraitId.swift; sourceTree = "<group>"; };
		6C6D78DE232217B900573B25 /* StoreFrontManager.swift */ = {isa = PBXFileReference; fileEncoding = 4; lastKnownFileType = sourcecode.swift; path = StoreFrontManager.swift; sourceTree = "<group>"; };
		6C6D78E023221DAC00573B25 /* StoreCatalogManager.swift */ = {isa = PBXFileReference; fileEncoding = 4; lastKnownFileType = sourcecode.swift; path = StoreCatalogManager.swift; sourceTree = "<group>"; };
		6C6D78E22322686500573B25 /* CmdPurchaseItem.swift */ = {isa = PBXFileReference; fileEncoding = 4; lastKnownFileType = sourcecode.swift; path = CmdPurchaseItem.swift; sourceTree = "<group>"; };
		6C6D78E423226E4E00573B25 /* CmdSellItem.swift */ = {isa = PBXFileReference; fileEncoding = 4; lastKnownFileType = sourcecode.swift; path = CmdSellItem.swift; sourceTree = "<group>"; };
		6C8735532325CB23006020A7 /* AnimationFrame.swift */ = {isa = PBXFileReference; fileEncoding = 4; lastKnownFileType = sourcecode.swift; path = AnimationFrame.swift; sourceTree = "<group>"; };
		6C8735552325D68B006020A7 /* Animation.swift */ = {isa = PBXFileReference; fileEncoding = 4; lastKnownFileType = sourcecode.swift; path = Animation.swift; sourceTree = "<group>"; };
		6C97F8D12317808A00940C61 /* ViewInventory.swift */ = {isa = PBXFileReference; fileEncoding = 4; lastKnownFileType = sourcecode.swift; path = ViewInventory.swift; sourceTree = "<group>"; };
		6C9D3603230BA7C000168A28 /* InputController.swift */ = {isa = PBXFileReference; fileEncoding = 4; lastKnownFileType = sourcecode.swift; path = InputController.swift; sourceTree = "<group>"; };
		6C9D3606230BA83500168A28 /* PlayerIndex.swift */ = {isa = PBXFileReference; fileEncoding = 4; lastKnownFileType = sourcecode.swift; path = PlayerIndex.swift; sourceTree = "<group>"; };
		6C9D3608230BEC3C00168A28 /* ActionController.swift */ = {isa = PBXFileReference; fileEncoding = 4; lastKnownFileType = sourcecode.swift; path = ActionController.swift; sourceTree = "<group>"; };
		6C9E3DFC230CE2D6007417E1 /* ViewItemButton.swift */ = {isa = PBXFileReference; fileEncoding = 4; lastKnownFileType = sourcecode.swift; path = ViewItemButton.swift; sourceTree = "<group>"; };
		6C9E3DFF230CE31B007417E1 /* Config.swift */ = {isa = PBXFileReference; fileEncoding = 4; lastKnownFileType = sourcecode.swift; path = Config.swift; sourceTree = "<group>"; };
		6C9E3E01230CFCAE007417E1 /* ViewHotbar.swift */ = {isa = PBXFileReference; fileEncoding = 4; lastKnownFileType = sourcecode.swift; path = ViewHotbar.swift; sourceTree = "<group>"; };
		6C9E3E03230D43D3007417E1 /* HudController.swift */ = {isa = PBXFileReference; fileEncoding = 4; lastKnownFileType = sourcecode.swift; path = HudController.swift; sourceTree = "<group>"; };
		6C9E3E0B230E4C08007417E1 /* HudInterfaceData.swift */ = {isa = PBXFileReference; fileEncoding = 4; lastKnownFileType = sourcecode.swift; path = HudInterfaceData.swift; sourceTree = "<group>"; };
		6C9E3E0D230E61D2007417E1 /* ViewMoneyInfo.swift */ = {isa = PBXFileReference; fileEncoding = 4; lastKnownFileType = sourcecode.swift; path = ViewMoneyInfo.swift; sourceTree = "<group>"; };
		6C9E3E0F230E84F5007417E1 /* Building.swift */ = {isa = PBXFileReference; fileEncoding = 4; lastKnownFileType = sourcecode.swift; path = Building.swift; sourceTree = "<group>"; };
		6C9E3E11230E8500007417E1 /* BuildingId.swift */ = {isa = PBXFileReference; fileEncoding = 4; lastKnownFileType = sourcecode.swift; path = BuildingId.swift; sourceTree = "<group>"; };
		6C9E3E14230E8FFE007417E1 /* Teleport.swift */ = {isa = PBXFileReference; fileEncoding = 4; lastKnownFileType = sourcecode.swift; path = Teleport.swift; sourceTree = "<group>"; };
		6C9E3E18230EAB8A007417E1 /* AnimationManager.swift */ = {isa = PBXFileReference; fileEncoding = 4; lastKnownFileType = sourcecode.swift; path = AnimationManager.swift; sourceTree = "<group>"; };
		6C9E3E1A230F7905007417E1 /* RenderController.swift */ = {isa = PBXFileReference; fileEncoding = 4; lastKnownFileType = sourcecode.swift; path = RenderController.swift; sourceTree = "<group>"; };
		6C9E3E1C230F79FF007417E1 /* PersonId.swift */ = {isa = PBXFileReference; fileEncoding = 4; lastKnownFileType = sourcecode.swift; path = PersonId.swift; sourceTree = "<group>"; };
		6C9E3E1E230F83C5007417E1 /* PersonTexture.swift */ = {isa = PBXFileReference; fileEncoding = 4; lastKnownFileType = sourcecode.swift; path = PersonTexture.swift; sourceTree = "<group>"; };
		6C9E3E202310D7A8007417E1 /* ViewSelectedGameTile.swift */ = {isa = PBXFileReference; fileEncoding = 4; lastKnownFileType = sourcecode.swift; path = ViewSelectedGameTile.swift; sourceTree = "<group>"; };
		6CBC8D11231A5C38005454E1 /* CmdActionHarvest.swift */ = {isa = PBXFileReference; fileEncoding = 4; lastKnownFileType = sourcecode.swift; path = CmdActionHarvest.swift; sourceTree = "<group>"; };
		6CBC8D13231B425D005454E1 /* MapPoint.swift */ = {isa = PBXFileReference; fileEncoding = 4; lastKnownFileType = sourcecode.swift; path = MapPoint.swift; sourceTree = "<group>"; };
		6CBC8D16231CC833005454E1 /* ActionControllerStateGame.swift */ = {isa = PBXFileReference; fileEncoding = 4; lastKnownFileType = sourcecode.swift; path = ActionControllerStateGame.swift; sourceTree = "<group>"; };
		6CBC8D18231CC8AB005454E1 /* ActionControllerStateInventory.swift */ = {isa = PBXFileReference; fileEncoding = 4; lastKnownFileType = sourcecode.swift; path = ActionControllerStateInventory.swift; sourceTree = "<group>"; };
		6CBC8D1A231CF5D4005454E1 /* CmdSaveFile.swift */ = {isa = PBXFileReference; fileEncoding = 4; lastKnownFileType = sourcecode.swift; path = CmdSaveFile.swift; sourceTree = "<group>"; };
		6CBC8D1C231CF5DF005454E1 /* CmdLoadFile.swift */ = {isa = PBXFileReference; fileEncoding = 4; lastKnownFileType = sourcecode.swift; path = CmdLoadFile.swift; sourceTree = "<group>"; };
		6CD007B4231DFB7C008B9825 /* CmdDeleteFile.swift */ = {isa = PBXFileReference; fileEncoding = 4; lastKnownFileType = sourcecode.swift; path = CmdDeleteFile.swift; sourceTree = "<group>"; };
		6CD007B6231DFCE7008B9825 /* CmdFileExists.swift */ = {isa = PBXFileReference; fileEncoding = 4; lastKnownFileType = sourcecode.swift; path = CmdFileExists.swift; sourceTree = "<group>"; };
		6CD007B9231F3C15008B9825 /* ViewStore.swift */ = {isa = PBXFileReference; fileEncoding = 4; lastKnownFileType = sourcecode.swift; path = ViewStore.swift; sourceTree = "<group>"; };
		6CD007BB231F3C5D008B9825 /* ViewDialog.swift */ = {isa = PBXFileReference; fileEncoding = 4; lastKnownFileType = sourcecode.swift; path = ViewDialog.swift; sourceTree = "<group>"; };
		6CD007BD231F4D53008B9825 /* ActionControllerStateDialog.swift */ = {isa = PBXFileReference; fileEncoding = 4; lastKnownFileType = sourcecode.swift; path = ActionControllerStateDialog.swift; sourceTree = "<group>"; };
		6CD007BF231F4DB1008B9825 /* ActionControllerStateStore.swift */ = {isa = PBXFileReference; fileEncoding = 4; lastKnownFileType = sourcecode.swift; path = ActionControllerStateStore.swift; sourceTree = "<group>"; };
		6CD007C1231FAD4F008B9825 /* Store.swift */ = {isa = PBXFileReference; fileEncoding = 4; lastKnownFileType = sourcecode.swift; path = Store.swift; sourceTree = "<group>"; };
		6CD007C62320875F008B9825 /* StoreFrontId.swift */ = {isa = PBXFileReference; fileEncoding = 4; lastKnownFileType = sourcecode.swift; path = StoreFrontId.swift; sourceTree = "<group>"; };
		6CD007C823208783008B9825 /* StoreFront.swift */ = {isa = PBXFileReference; fileEncoding = 4; lastKnownFileType = sourcecode.swift; path = StoreFront.swift; sourceTree = "<group>"; };
		6CD007CA232087EA008B9825 /* StoreCatalog.swift */ = {isa = PBXFileReference; fileEncoding = 4; lastKnownFileType = sourcecode.swift; path = StoreCatalog.swift; sourceTree = "<group>"; };
		6CD007CC232087F4008B9825 /* StoreCatalogId.swift */ = {isa = PBXFileReference; fileEncoding = 4; lastKnownFileType = sourcecode.swift; path = StoreCatalogId.swift; sourceTree = "<group>"; };
/* End PBXFileReference section */

/* Begin PBXFrameworksBuildPhase section */
		6C603394230B60B000746309 /* Frameworks */ = {
			isa = PBXFrameworksBuildPhase;
			buildActionMask = 2147483647;
			files = (
			);
			runOnlyForDeploymentPostprocessing = 0;
		};
/* End PBXFrameworksBuildPhase section */

/* Begin PBXGroup section */
		6C2336F12312728B00261944 /* Commands */ = {
			isa = PBXGroup;
			children = (
				6C2336F4231272ED00261944 /* CmdBase.swift */,
				6CBC8D11231A5C38005454E1 /* CmdActionHarvest.swift */,
				6C2336F62312744D00261944 /* CmdActionUseItem.swift */,
				6C0F561A2313BE930017192E /* CmdStartDay.swift */,
				6C2336F2231272B300261944 /* CmdEndDay.swift */,
				6C6D78E22322686500573B25 /* CmdPurchaseItem.swift */,
				6C6D78E423226E4E00573B25 /* CmdSellItem.swift */,
				6CD007B8231DFD66008B9825 /* FileUtils */,
			);
			path = Commands;
			sourceTree = "<group>";
		};
		6C60338E230B60B000746309 = {
			isa = PBXGroup;
			children = (
				6C603399230B60B000746309 /* RanchFarms */,
				6C603398230B60B000746309 /* Products */,
			);
			sourceTree = "<group>";
		};
		6C603398230B60B000746309 /* Products */ = {
			isa = PBXGroup;
			children = (
				6C603397230B60B000746309 /* RanchFarms.app */,
			);
			name = Products;
			sourceTree = "<group>";
		};
		6C603399230B60B000746309 /* RanchFarms */ = {
			isa = PBXGroup;
			children = (
				6C60339A230B60B000746309 /* AppDelegate.swift */,
				6C9E3DFF230CE31B007417E1 /* Config.swift */,
				6C6033B6230B631A00746309 /* scenes */,
				6C6033B9230B633A00746309 /* Data */,
				6C6033DD230B833900746309 /* Controllers */,
				6C6033A2230B60B000746309 /* ViewController.swift */,
				6C6033DA230B7E5E00746309 /* Managers */,
				6C2336F12312728B00261944 /* Commands */,
				6C9E3DFE230CE2DD007417E1 /* Views */,
				6C9D3605230BA82A00168A28 /* Utils */,
				6C6033A4230B60B300746309 /* Assets.xcassets */,
				6C6033A6230B60B300746309 /* Main.storyboard */,
				6C6033A9230B60B300746309 /* Info.plist */,
				6C6033AA230B60B300746309 /* RanchFarms.entitlements */,
			);
			path = RanchFarms;
			sourceTree = "<group>";
		};
		6C6033B6230B631A00746309 /* scenes */ = {
			isa = PBXGroup;
			children = (
				6C6033B4230B624700746309 /* BaseScene.swift */,
				6C60339C230B60B000746309 /* GameScene.sks */,
				6C6033A0230B60B000746309 /* GameScene.swift */,
				6C6033B0230B61B600746309 /* SplashScene.sks */,
				6C6033B2230B61BF00746309 /* SplashScene.swift */,
			);
			path = scenes;
			sourceTree = "<group>";
		};
		6C6033B9230B633A00746309 /* Data */ = {
			isa = PBXGroup;
			children = (
				6C9E3E0B230E4C08007417E1 /* HudInterfaceData.swift */,
				6C6033C2230B646D00746309 /* GameObjects */,
				6C6033C7230B64EB00746309 /* Items */,
				6C6033D0230B66B400746309 /* Map */,
				6CD007C3231FAD7D008B9825 /* Store */,
				6C6D78DC2321F8BB00573B25 /* PortraitId.swift */,
			);
			path = Data;
			sourceTree = "<group>";
		};
		6C6033C2230B646D00746309 /* GameObjects */ = {
			isa = PBXGroup;
			children = (
				6C9E3E13230E8507007417E1 /* Buildings */,
				6C6033E0230B851700746309 /* people */,
				6C6033D3230B72DA00746309 /* Tiles */,
				6C6033BA230B636B00746309 /* GameObject.swift */,
			);
			path = GameObjects;
			sourceTree = "<group>";
		};
		6C6033C7230B64EB00746309 /* Items */ = {
			isa = PBXGroup;
			children = (
				6C6033C8230B651500746309 /* Inventory.swift */,
				6C6033C3230B648100746309 /* Item.swift */,
				6C6033D1230B6A1500746309 /* ItemInfo.swift */,
				6C6033C5230B64B200746309 /* ItemId.swift */,
				6C2336E32311387700261944 /* ItemType.swift */,
			);
			path = Items;
			sourceTree = "<group>";
		};
		6C6033D0230B66B400746309 /* Map */ = {
			isa = PBXGroup;
			children = (
				6C6033CA230B663500746309 /* GameArea.swift */,
				6C6033CC230B666F00746309 /* World.swift */,
			);
			path = Map;
			sourceTree = "<group>";
		};
		6C6033D3230B72DA00746309 /* Tiles */ = {
			isa = PBXGroup;
			children = (
				6C6033D4230B72E800746309 /* TileType.swift */,
				6C6033D6230B731A00746309 /* Tile.swift */,
			);
			path = Tiles;
			sourceTree = "<group>";
		};
		6C6033DA230B7E5E00746309 /* Managers */ = {
			isa = PBXGroup;
			children = (
				6C9E3E18230EAB8A007417E1 /* AnimationManager.swift */,
				6C2336EB2311484C00261944 /* BuildingInfoManager.swift */,
				6C2336E52311390400261944 /* ItemInfoManager.swift */,
				6C6D78E023221DAC00573B25 /* StoreCatalogManager.swift */,
				6C6D78DE232217B900573B25 /* StoreFrontManager.swift */,
				6C6033D8230B7E5600746309 /* TextureManager.swift */,
				6C9E3E1E230F83C5007417E1 /* PersonTexture.swift */,
			);
			path = Managers;
			sourceTree = "<group>";
		};
		6C6033DD230B833900746309 /* Controllers */ = {
			isa = PBXGroup;
			children = (
				6CBC8D15231CC819005454E1 /* ActionController */,
				6C6033DB230B833200746309 /* CameraController.swift */,
				6C9E3E03230D43D3007417E1 /* HudController.swift */,
				6C9D3603230BA7C000168A28 /* InputController.swift */,
				6C9E3E1A230F7905007417E1 /* RenderController.swift */,
			);
			path = Controllers;
			sourceTree = "<group>";
		};
		6C6033E0230B851700746309 /* people */ = {
			isa = PBXGroup;
			children = (
				6C6033DE230B850C00746309 /* Person.swift */,
				6C9E3E1C230F79FF007417E1 /* PersonId.swift */,
			);
			path = people;
			sourceTree = "<group>";
		};
		6C9D3605230BA82A00168A28 /* Utils */ = {
			isa = PBXGroup;
			children = (
				6C6033CE230B66A600746309 /* Location.swift */,
				6CBC8D13231B425D005454E1 /* MapPoint.swift */,
				6C8735552325D68B006020A7 /* Animation.swift */,
				6C8735532325CB23006020A7 /* AnimationFrame.swift */,
				6C9D3606230BA83500168A28 /* PlayerIndex.swift */,
				6C6033E1230BA4F000746309 /* Utils.swift */,
			);
			path = Utils;
			sourceTree = "<group>";
		};
		6C9E3DFE230CE2DD007417E1 /* Views */ = {
			isa = PBXGroup;
			children = (
				6C0F561C2313D56E0017192E /* ViewDayInfo.swift */,
				6CD007BB231F3C5D008B9825 /* ViewDialog.swift */,
				6C9E3E01230CFCAE007417E1 /* ViewHotbar.swift */,
				6C97F8D12317808A00940C61 /* ViewInventory.swift */,
				6C9E3DFC230CE2D6007417E1 /* ViewItemButton.swift */,
				6C9E3E0D230E61D2007417E1 /* ViewMoneyInfo.swift */,
				6C9E3E202310D7A8007417E1 /* ViewSelectedGameTile.swift */,
				6CD007B9231F3C15008B9825 /* ViewStore.swift */,
			);
			path = Views;
			sourceTree = "<group>";
		};
		6C9E3E13230E8507007417E1 /* Buildings */ = {
			isa = PBXGroup;
			children = (
				6C9E3E0F230E84F5007417E1 /* Building.swift */,
				6C9E3E11230E8500007417E1 /* BuildingId.swift */,
				6C2336E7231147BA00261944 /* BuildingInfo.swift */,
				6C2336E9231147EA00261944 /* BuildingType.swift */,
				6C9E3E14230E8FFE007417E1 /* Teleport.swift */,
			);
			path = Buildings;
			sourceTree = "<group>";
		};
		6CBC8D15231CC819005454E1 /* ActionController */ = {
			isa = PBXGroup;
			children = (
				6C9D3608230BEC3C00168A28 /* ActionController.swift */,
				6CD007BD231F4D53008B9825 /* ActionControllerStateDialog.swift */,
				6CBC8D16231CC833005454E1 /* ActionControllerStateGame.swift */,
				6CBC8D18231CC8AB005454E1 /* ActionControllerStateInventory.swift */,
				6CD007BF231F4DB1008B9825 /* ActionControllerStateStore.swift */,
			);
			path = ActionController;
			sourceTree = "<group>";
		};
		6CD007B8231DFD66008B9825 /* FileUtils */ = {
			isa = PBXGroup;
			children = (
				6CBC8D1C231CF5DF005454E1 /* CmdLoadFile.swift */,
				6CBC8D1A231CF5D4005454E1 /* CmdSaveFile.swift */,
				6CD007B4231DFB7C008B9825 /* CmdDeleteFile.swift */,
				6CD007B6231DFCE7008B9825 /* CmdFileExists.swift */,
			);
			path = FileUtils;
			sourceTree = "<group>";
		};
		6CD007C3231FAD7D008B9825 /* Store */ = {
			isa = PBXGroup;
			children = (
				6CD007C1231FAD4F008B9825 /* Store.swift */,
				6CD007CA232087EA008B9825 /* StoreCatalog.swift */,
				6CD007CC232087F4008B9825 /* StoreCatalogId.swift */,
				6CD007C823208783008B9825 /* StoreFront.swift */,
				6CD007C62320875F008B9825 /* StoreFrontId.swift */,
			);
			path = Store;
			sourceTree = "<group>";
		};
/* End PBXGroup section */

/* Begin PBXNativeTarget section */
		6C603396230B60B000746309 /* RanchFarms */ = {
			isa = PBXNativeTarget;
			buildConfigurationList = 6C6033AD230B60B300746309 /* Build configuration list for PBXNativeTarget "RanchFarms" */;
			buildPhases = (
				6C603393230B60B000746309 /* Sources */,
				6C603394230B60B000746309 /* Frameworks */,
				6C603395230B60B000746309 /* Resources */,
			);
			buildRules = (
			);
			dependencies = (
			);
			name = RanchFarms;
			productName = RanchFarms;
			productReference = 6C603397230B60B000746309 /* RanchFarms.app */;
			productType = "com.apple.product-type.application";
		};
/* End PBXNativeTarget section */

/* Begin PBXProject section */
		6C60338F230B60B000746309 /* Project object */ = {
			isa = PBXProject;
			attributes = {
				LastSwiftUpdateCheck = 1030;
				LastUpgradeCheck = 1030;
				ORGANIZATIONNAME = "LightTech LLC";
				TargetAttributes = {
					6C603396230B60B000746309 = {
						CreatedOnToolsVersion = 10.3;
					};
				};
			};
			buildConfigurationList = 6C603392230B60B000746309 /* Build configuration list for PBXProject "RanchFarms" */;
			compatibilityVersion = "Xcode 9.3";
			developmentRegion = en;
			hasScannedForEncodings = 0;
			knownRegions = (
				en,
				Base,
			);
			mainGroup = 6C60338E230B60B000746309;
			productRefGroup = 6C603398230B60B000746309 /* Products */;
			projectDirPath = "";
			projectRoot = "";
			targets = (
				6C603396230B60B000746309 /* RanchFarms */,
			);
		};
/* End PBXProject section */

/* Begin PBXResourcesBuildPhase section */
		6C603395230B60B000746309 /* Resources */ = {
			isa = PBXResourcesBuildPhase;
			buildActionMask = 2147483647;
			files = (
				6C60339D230B60B000746309 /* GameScene.sks in Resources */,
				6C6033A5230B60B300746309 /* Assets.xcassets in Resources */,
				6C6033A8230B60B300746309 /* Main.storyboard in Resources */,
				6C6033B1230B61B600746309 /* SplashScene.sks in Resources */,
			);
			runOnlyForDeploymentPostprocessing = 0;
		};
/* End PBXResourcesBuildPhase section */

/* Begin PBXSourcesBuildPhase section */
		6C603393230B60B000746309 /* Sources */ = {
			isa = PBXSourcesBuildPhase;
			buildActionMask = 2147483647;
			files = (
				6CBC8D1D231CF5DF005454E1 /* CmdLoadFile.swift in Sources */,
				6CBC8D12231A5C38005454E1 /* CmdActionHarvest.swift in Sources */,
				6C6033C9230B651500746309 /* Inventory.swift in Sources */,
				6C8735562325D68B006020A7 /* Animation.swift in Sources */,
				6C9E3E02230CFCAE007417E1 /* ViewHotbar.swift in Sources */,
				6C6033C4230B648100746309 /* Item.swift in Sources */,
				6C9E3E0C230E4C08007417E1 /* HudInterfaceData.swift in Sources */,
				6C6033A3230B60B000746309 /* ViewController.swift in Sources */,
				6C2336EA231147EA00261944 /* BuildingType.swift in Sources */,
				6C0F561B2313BE930017192E /* CmdStartDay.swift in Sources */,
				6CBC8D17231CC833005454E1 /* ActionControllerStateGame.swift in Sources */,
				6C9E3E0E230E61D2007417E1 /* ViewMoneyInfo.swift in Sources */,
				6C6033B3230B61BF00746309 /* SplashScene.swift in Sources */,
				6C2336F5231272ED00261944 /* CmdBase.swift in Sources */,
				6CD007C0231F4DB1008B9825 /* ActionControllerStateStore.swift in Sources */,
				6CD007BE231F4D53008B9825 /* ActionControllerStateDialog.swift in Sources */,
				6CD007C2231FAD4F008B9825 /* Store.swift in Sources */,
				6C6033D2230B6A1500746309 /* ItemInfo.swift in Sources */,
				6C9E3E1F230F83C5007417E1 /* PersonTexture.swift in Sources */,
				6C2336E8231147BA00261944 /* BuildingInfo.swift in Sources */,
				6CD007B7231DFCE7008B9825 /* CmdFileExists.swift in Sources */,
				6C0F561D2313D56E0017192E /* ViewDayInfo.swift in Sources */,
				6CD007BA231F3C15008B9825 /* ViewStore.swift in Sources */,
				6CBC8D14231B425D005454E1 /* MapPoint.swift in Sources */,
				6CD007C72320875F008B9825 /* StoreFrontId.swift in Sources */,
				6C2336F3231272B300261944 /* CmdEndDay.swift in Sources */,
				6C9E3E00230CE31B007417E1 /* Config.swift in Sources */,
				6C9E3E1B230F7905007417E1 /* RenderController.swift in Sources */,
				6CD007CB232087EA008B9825 /* StoreCatalog.swift in Sources */,
				6C6033BB230B636B00746309 /* GameObject.swift in Sources */,
				6C6D78E123221DAC00573B25 /* StoreCatalogManager.swift in Sources */,
				6C2336E42311387700261944 /* ItemType.swift in Sources */,
				6C6033DF230B850C00746309 /* Person.swift in Sources */,
				6C6033A1230B60B000746309 /* GameScene.swift in Sources */,
				6C9E3E19230EAB8A007417E1 /* AnimationManager.swift in Sources */,
				6C6D78E32322686500573B25 /* CmdPurchaseItem.swift in Sources */,
				6C9E3E1D230F79FF007417E1 /* PersonId.swift in Sources */,
				6C9D3604230BA7C000168A28 /* InputController.swift in Sources */,
				6C6D78DF232217B900573B25 /* StoreFrontManager.swift in Sources */,
				6C6D78E523226E4E00573B25 /* CmdSellItem.swift in Sources */,
				6C9E3E212310D7A8007417E1 /* ViewSelectedGameTile.swift in Sources */,
				6CD007CD232087F4008B9825 /* StoreCatalogId.swift in Sources */,
				6C6033CF230B66A600746309 /* Location.swift in Sources */,
				6C97F8D22317808A00940C61 /* ViewInventory.swift in Sources */,
				6C6033C6230B64B200746309 /* ItemId.swift in Sources */,
				6C9D3609230BEC3C00168A28 /* ActionController.swift in Sources */,
				6C2336E62311390400261944 /* ItemInfoManager.swift in Sources */,
				6C6D78DD2321F8BB00573B25 /* PortraitId.swift in Sources */,
				6CBC8D19231CC8AB005454E1 /* ActionControllerStateInventory.swift in Sources */,
				6C2336F72312744D00261944 /* CmdActionUseItem.swift in Sources */,
				6C9E3E10230E84F5007417E1 /* Building.swift in Sources */,
				6C6033CB230B663500746309 /* GameArea.swift in Sources */,
				6C60339B230B60B000746309 /* AppDelegate.swift in Sources */,
				6C6033D9230B7E5600746309 /* TextureManager.swift in Sources */,
				6C9E3DFD230CE2D6007417E1 /* ViewItemButton.swift in Sources */,
				6C6033D5230B72E800746309 /* TileType.swift in Sources */,
				6C6033D7230B731A00746309 /* Tile.swift in Sources */,
				6C6033CD230B666F00746309 /* World.swift in Sources */,
				6C6033DC230B833200746309 /* CameraController.swift in Sources */,
				6CD007C923208783008B9825 /* StoreFront.swift in Sources */,
				6C2336EC2311484C00261944 /* BuildingInfoManager.swift in Sources */,
				6C9E3E12230E8500007417E1 /* BuildingId.swift in Sources */,
				6C9D3607230BA83500168A28 /* PlayerIndex.swift in Sources */,
				6CBC8D1B231CF5D4005454E1 /* CmdSaveFile.swift in Sources */,
				6CD007B5231DFB7C008B9825 /* CmdDeleteFile.swift in Sources */,
				6C9E3E15230E8FFE007417E1 /* Teleport.swift in Sources */,
				6CD007BC231F3C5D008B9825 /* ViewDialog.swift in Sources */,
				6C8735542325CB23006020A7 /* AnimationFrame.swift in Sources */,
				6C9E3E04230D43D3007417E1 /* HudController.swift in Sources */,
				6C6033E2230BA4F000746309 /* Utils.swift in Sources */,
				6C6033B5230B624700746309 /* BaseScene.swift in Sources */,
			);
			runOnlyForDeploymentPostprocessing = 0;
		};
/* End PBXSourcesBuildPhase section */

/* Begin PBXVariantGroup section */
		6C6033A6230B60B300746309 /* Main.storyboard */ = {
			isa = PBXVariantGroup;
			children = (
				6C6033A7230B60B300746309 /* Base */,
			);
			name = Main.storyboard;
			sourceTree = "<group>";
		};
/* End PBXVariantGroup section */

/* Begin XCBuildConfiguration section */
		6C6033AB230B60B300746309 /* Debug */ = {
			isa = XCBuildConfiguration;
			buildSettings = {
				ALWAYS_SEARCH_USER_PATHS = NO;
				CLANG_ANALYZER_NONNULL = YES;
				CLANG_ANALYZER_NUMBER_OBJECT_CONVERSION = YES_AGGRESSIVE;
				CLANG_CXX_LANGUAGE_STANDARD = "gnu++14";
				CLANG_CXX_LIBRARY = "libc++";
				CLANG_ENABLE_MODULES = YES;
				CLANG_ENABLE_OBJC_ARC = YES;
				CLANG_ENABLE_OBJC_WEAK = YES;
				CLANG_WARN_BLOCK_CAPTURE_AUTORELEASING = YES;
				CLANG_WARN_BOOL_CONVERSION = YES;
				CLANG_WARN_COMMA = YES;
				CLANG_WARN_CONSTANT_CONVERSION = YES;
				CLANG_WARN_DEPRECATED_OBJC_IMPLEMENTATIONS = YES;
				CLANG_WARN_DIRECT_OBJC_ISA_USAGE = YES_ERROR;
				CLANG_WARN_DOCUMENTATION_COMMENTS = YES;
				CLANG_WARN_EMPTY_BODY = YES;
				CLANG_WARN_ENUM_CONVERSION = YES;
				CLANG_WARN_INFINITE_RECURSION = YES;
				CLANG_WARN_INT_CONVERSION = YES;
				CLANG_WARN_NON_LITERAL_NULL_CONVERSION = YES;
				CLANG_WARN_OBJC_IMPLICIT_RETAIN_SELF = YES;
				CLANG_WARN_OBJC_LITERAL_CONVERSION = YES;
				CLANG_WARN_OBJC_ROOT_CLASS = YES_ERROR;
				CLANG_WARN_RANGE_LOOP_ANALYSIS = YES;
				CLANG_WARN_STRICT_PROTOTYPES = YES;
				CLANG_WARN_SUSPICIOUS_MOVE = YES;
				CLANG_WARN_UNGUARDED_AVAILABILITY = YES_AGGRESSIVE;
				CLANG_WARN_UNREACHABLE_CODE = YES;
				CLANG_WARN__DUPLICATE_METHOD_MATCH = YES;
				CODE_SIGN_IDENTITY = "Mac Developer";
				COPY_PHASE_STRIP = NO;
				DEBUG_INFORMATION_FORMAT = dwarf;
				ENABLE_STRICT_OBJC_MSGSEND = YES;
				ENABLE_TESTABILITY = YES;
				GCC_C_LANGUAGE_STANDARD = gnu11;
				GCC_DYNAMIC_NO_PIC = NO;
				GCC_NO_COMMON_BLOCKS = YES;
				GCC_OPTIMIZATION_LEVEL = 0;
				GCC_PREPROCESSOR_DEFINITIONS = (
					"DEBUG=1",
					"$(inherited)",
				);
				GCC_WARN_64_TO_32_BIT_CONVERSION = YES;
				GCC_WARN_ABOUT_RETURN_TYPE = YES_ERROR;
				GCC_WARN_UNDECLARED_SELECTOR = YES;
				GCC_WARN_UNINITIALIZED_AUTOS = YES_AGGRESSIVE;
				GCC_WARN_UNUSED_FUNCTION = YES;
				GCC_WARN_UNUSED_VARIABLE = YES;
				MACOSX_DEPLOYMENT_TARGET = 10.14;
				MTL_ENABLE_DEBUG_INFO = INCLUDE_SOURCE;
				MTL_FAST_MATH = YES;
				ONLY_ACTIVE_ARCH = YES;
				SDKROOT = macosx;
				SWIFT_ACTIVE_COMPILATION_CONDITIONS = DEBUG;
				SWIFT_OPTIMIZATION_LEVEL = "-Onone";
			};
			name = Debug;
		};
		6C6033AC230B60B300746309 /* Release */ = {
			isa = XCBuildConfiguration;
			buildSettings = {
				ALWAYS_SEARCH_USER_PATHS = NO;
				CLANG_ANALYZER_NONNULL = YES;
				CLANG_ANALYZER_NUMBER_OBJECT_CONVERSION = YES_AGGRESSIVE;
				CLANG_CXX_LANGUAGE_STANDARD = "gnu++14";
				CLANG_CXX_LIBRARY = "libc++";
				CLANG_ENABLE_MODULES = YES;
				CLANG_ENABLE_OBJC_ARC = YES;
				CLANG_ENABLE_OBJC_WEAK = YES;
				CLANG_WARN_BLOCK_CAPTURE_AUTORELEASING = YES;
				CLANG_WARN_BOOL_CONVERSION = YES;
				CLANG_WARN_COMMA = YES;
				CLANG_WARN_CONSTANT_CONVERSION = YES;
				CLANG_WARN_DEPRECATED_OBJC_IMPLEMENTATIONS = YES;
				CLANG_WARN_DIRECT_OBJC_ISA_USAGE = YES_ERROR;
				CLANG_WARN_DOCUMENTATION_COMMENTS = YES;
				CLANG_WARN_EMPTY_BODY = YES;
				CLANG_WARN_ENUM_CONVERSION = YES;
				CLANG_WARN_INFINITE_RECURSION = YES;
				CLANG_WARN_INT_CONVERSION = YES;
				CLANG_WARN_NON_LITERAL_NULL_CONVERSION = YES;
				CLANG_WARN_OBJC_IMPLICIT_RETAIN_SELF = YES;
				CLANG_WARN_OBJC_LITERAL_CONVERSION = YES;
				CLANG_WARN_OBJC_ROOT_CLASS = YES_ERROR;
				CLANG_WARN_RANGE_LOOP_ANALYSIS = YES;
				CLANG_WARN_STRICT_PROTOTYPES = YES;
				CLANG_WARN_SUSPICIOUS_MOVE = YES;
				CLANG_WARN_UNGUARDED_AVAILABILITY = YES_AGGRESSIVE;
				CLANG_WARN_UNREACHABLE_CODE = YES;
				CLANG_WARN__DUPLICATE_METHOD_MATCH = YES;
				CODE_SIGN_IDENTITY = "Mac Developer";
				COPY_PHASE_STRIP = NO;
				DEBUG_INFORMATION_FORMAT = "dwarf-with-dsym";
				ENABLE_NS_ASSERTIONS = NO;
				ENABLE_STRICT_OBJC_MSGSEND = YES;
				GCC_C_LANGUAGE_STANDARD = gnu11;
				GCC_NO_COMMON_BLOCKS = YES;
				GCC_WARN_64_TO_32_BIT_CONVERSION = YES;
				GCC_WARN_ABOUT_RETURN_TYPE = YES_ERROR;
				GCC_WARN_UNDECLARED_SELECTOR = YES;
				GCC_WARN_UNINITIALIZED_AUTOS = YES_AGGRESSIVE;
				GCC_WARN_UNUSED_FUNCTION = YES;
				GCC_WARN_UNUSED_VARIABLE = YES;
				MACOSX_DEPLOYMENT_TARGET = 10.14;
				MTL_ENABLE_DEBUG_INFO = NO;
				MTL_FAST_MATH = YES;
				SDKROOT = macosx;
				SWIFT_COMPILATION_MODE = wholemodule;
				SWIFT_OPTIMIZATION_LEVEL = "-O";
			};
			name = Release;
		};
		6C6033AE230B60B300746309 /* Debug */ = {
			isa = XCBuildConfiguration;
			buildSettings = {
				ASSETCATALOG_COMPILER_APPICON_NAME = AppIcon;
				CODE_SIGN_ENTITLEMENTS = RanchFarms/RanchFarms.entitlements;
				CODE_SIGN_STYLE = Automatic;
				COMBINE_HIDPI_IMAGES = YES;
				DEVELOPMENT_TEAM = 6CZCACCVMJ;
				INFOPLIST_FILE = RanchFarms/Info.plist;
				LD_RUNPATH_SEARCH_PATHS = (
					"$(inherited)",
					"@executable_path/../Frameworks",
				);
				PRODUCT_BUNDLE_IDENTIFIER = com.ApatoLabs.RanchFarms;
				PRODUCT_NAME = "$(TARGET_NAME)";
				SWIFT_VERSION = 5.0;
			};
			name = Debug;
		};
		6C6033AF230B60B300746309 /* Release */ = {
			isa = XCBuildConfiguration;
			buildSettings = {
				ASSETCATALOG_COMPILER_APPICON_NAME = AppIcon;
				CODE_SIGN_ENTITLEMENTS = RanchFarms/RanchFarms.entitlements;
				CODE_SIGN_STYLE = Automatic;
				COMBINE_HIDPI_IMAGES = YES;
				DEVELOPMENT_TEAM = 6CZCACCVMJ;
				INFOPLIST_FILE = RanchFarms/Info.plist;
				LD_RUNPATH_SEARCH_PATHS = (
					"$(inherited)",
					"@executable_path/../Frameworks",
				);
				PRODUCT_BUNDLE_IDENTIFIER = com.ApatoLabs.RanchFarms;
				PRODUCT_NAME = "$(TARGET_NAME)";
				SWIFT_VERSION = 5.0;
			};
			name = Release;
		};
/* End XCBuildConfiguration section */

/* Begin XCConfigurationList section */
		6C603392230B60B000746309 /* Build configuration list for PBXProject "RanchFarms" */ = {
			isa = XCConfigurationList;
			buildConfigurations = (
				6C6033AB230B60B300746309 /* Debug */,
				6C6033AC230B60B300746309 /* Release */,
			);
			defaultConfigurationIsVisible = 0;
			defaultConfigurationName = Release;
		};
		6C6033AD230B60B300746309 /* Build configuration list for PBXNativeTarget "RanchFarms" */ = {
			isa = XCConfigurationList;
			buildConfigurations = (
				6C6033AE230B60B300746309 /* Debug */,
				6C6033AF230B60B300746309 /* Release */,
			);
			defaultConfigurationIsVisible = 0;
			defaultConfigurationName = Release;
		};
/* End XCConfigurationList section */
	};
	rootObject = 6C60338F230B60B000746309 /* Project object */;
}
