// !$*UTF8*$!
{
	archiveVersion = 1;
	classes = {
	};
	objectVersion = 50;
	objects = {

/* Begin PBXBuildFile section */
		6C60339B230B60B000746309 /* AppDelegate.swift in Sources */ = {isa = PBXBuildFile; fileRef = 6C60339A230B60B000746309 /* AppDelegate.swift */; };
		6C60339D230B60B000746309 /* GameScene.sks in Resources */ = {isa = PBXBuildFile; fileRef = 6C60339C230B60B000746309 /* GameScene.sks */; };
		6C6033A1230B60B000746309 /* GameScene.swift in Sources */ = {isa = PBXBuildFile; fileRef = 6C6033A0230B60B000746309 /* GameScene.swift */; };
		6C6033A3230B60B000746309 /* ViewController.swift in Sources */ = {isa = PBXBuildFile; fileRef = 6C6033A2230B60B000746309 /* ViewController.swift */; };
		6C6033A5230B60B300746309 /* Assets.xcassets in Resources */ = {isa = PBXBuildFile; fileRef = 6C6033A4230B60B300746309 /* Assets.xcassets */; };
		6C6033A8230B60B300746309 /* Main.storyboard in Resources */ = {isa = PBXBuildFile; fileRef = 6C6033A6230B60B300746309 /* Main.storyboard */; };
		6C6033B1230B61B600746309 /* SplashScene.sks in Resources */ = {isa = PBXBuildFile; fileRef = 6C6033B0230B61B600746309 /* SplashScene.sks */; };
		6C6033B3230B61BF00746309 /* SplashScene.swift in Sources */ = {isa = PBXBuildFile; fileRef = 6C6033B2230B61BF00746309 /* SplashScene.swift */; };
		6C6033B5230B624700746309 /* BaseScene.swift in Sources */ = {isa = PBXBuildFile; fileRef = 6C6033B4230B624700746309 /* BaseScene.swift */; };
/* End PBXBuildFile section */

/* Begin PBXFileReference section */
		6C603397230B60B000746309 /* RanchFarms.app */ = {isa = PBXFileReference; explicitFileType = wrapper.application; includeInIndex = 0; path = RanchFarms.app; sourceTree = BUILT_PRODUCTS_DIR; };
		6C60339A230B60B000746309 /* AppDelegate.swift */ = {isa = PBXFileReference; lastKnownFileType = sourcecode.swift; path = AppDelegate.swift; sourceTree = "<group>"; };
		6C60339C230B60B000746309 /* GameScene.sks */ = {isa = PBXFileReference; lastKnownFileType = file.sks; path = GameScene.sks; sourceTree = "<group>"; };
		6C6033A0230B60B000746309 /* GameScene.swift */ = {isa = PBXFileReference; lastKnownFileType = sourcecode.swift; path = GameScene.swift; sourceTree = "<group>"; };
		6C6033A2230B60B000746309 /* ViewController.swift */ = {isa = PBXFileReference; lastKnownFileType = sourcecode.swift; path = ViewController.swift; sourceTree = "<group>"; };
		6C6033A4230B60B300746309 /* Assets.xcassets */ = {isa = PBXFileReference; lastKnownFileType = folder.assetcatalog; path = Assets.xcassets; sourceTree = "<group>"; };
		6C6033A7230B60B300746309 /* Base */ = {isa = PBXFileReference; lastKnownFileType = file.storyboard; name = Base; path = Base.lproj/Main.storyboard; sourceTree = "<group>"; };
		6C6033A9230B60B300746309 /* Info.plist */ = {isa = PBXFileReference; lastKnownFileType = text.plist.xml; path = Info.plist; sourceTree = "<group>"; };
		6C6033AA230B60B300746309 /* RanchFarms.entitlements */ = {isa = PBXFileReference; lastKnownFileType = text.plist.entitlements; path = RanchFarms.entitlements; sourceTree = "<group>"; };
		6C6033B0230B61B600746309 /* SplashScene.sks */ = {isa = PBXFileReference; lastKnownFileType = file.sks; path = SplashScene.sks; sourceTree = "<group>"; };
		6C6033B2230B61BF00746309 /* SplashScene.swift */ = {isa = PBXFileReference; fileEncoding = 4; lastKnownFileType = sourcecode.swift; path = SplashScene.swift; sourceTree = "<group>"; };
		6C6033B4230B624700746309 /* BaseScene.swift */ = {isa = PBXFileReference; fileEncoding = 4; lastKnownFileType = sourcecode.swift; path = BaseScene.swift; sourceTree = "<group>"; };
/* End PBXFileReference section */

/* Begin PBXFrameworksBuildPhase section */
		6C603394230B60B000746309 /* Frameworks */ = {
			isa = PBXFrameworksBuildPhase;
			buildActionMask = 2147483647;
			files = (
			);
			runOnlyForDeploymentPostprocessing = 0;
		};
/* End PBXFrameworksBuildPhase section */

/* Begin PBXGroup section */
		6C60338E230B60B000746309 = {
			isa = PBXGroup;
			children = (
				6C603399230B60B000746309 /* RanchFarms */,
				6C603398230B60B000746309 /* Products */,
			);
			sourceTree = "<group>";
		};
		6C603398230B60B000746309 /* Products */ = {
			isa = PBXGroup;
			children = (
				6C603397230B60B000746309 /* RanchFarms.app */,
			);
			name = Products;
			sourceTree = "<group>";
		};
		6C603399230B60B000746309 /* RanchFarms */ = {
			isa = PBXGroup;
			children = (
				6C60339A230B60B000746309 /* AppDelegate.swift */,
				6C6033B4230B624700746309 /* BaseScene.swift */,
				6C60339C230B60B000746309 /* GameScene.sks */,
				6C6033A0230B60B000746309 /* GameScene.swift */,
				6C6033B0230B61B600746309 /* SplashScene.sks */,
				6C6033B2230B61BF00746309 /* SplashScene.swift */,
				6C6033A2230B60B000746309 /* ViewController.swift */,
				6C6033A4230B60B300746309 /* Assets.xcassets */,
				6C6033A6230B60B300746309 /* Main.storyboard */,
				6C6033A9230B60B300746309 /* Info.plist */,
				6C6033AA230B60B300746309 /* RanchFarms.entitlements */,
			);
			path = RanchFarms;
			sourceTree = "<group>";
		};
/* End PBXGroup section */

/* Begin PBXNativeTarget section */
		6C603396230B60B000746309 /* RanchFarms */ = {
			isa = PBXNativeTarget;
			buildConfigurationList = 6C6033AD230B60B300746309 /* Build configuration list for PBXNativeTarget "RanchFarms" */;
			buildPhases = (
				6C603393230B60B000746309 /* Sources */,
				6C603394230B60B000746309 /* Frameworks */,
				6C603395230B60B000746309 /* Resources */,
			);
			buildRules = (
			);
			dependencies = (
			);
			name = RanchFarms;
			productName = RanchFarms;
			productReference = 6C603397230B60B000746309 /* RanchFarms.app */;
			productType = "com.apple.product-type.application";
		};
/* End PBXNativeTarget section */

/* Begin PBXProject section */
		6C60338F230B60B000746309 /* Project object */ = {
			isa = PBXProject;
			attributes = {
				LastSwiftUpdateCheck = 1030;
				LastUpgradeCheck = 1030;
				ORGANIZATIONNAME = "LightTech LLC";
				TargetAttributes = {
					6C603396230B60B000746309 = {
						CreatedOnToolsVersion = 10.3;
					};
				};
			};
			buildConfigurationList = 6C603392230B60B000746309 /* Build configuration list for PBXProject "RanchFarms" */;
			compatibilityVersion = "Xcode 9.3";
			developmentRegion = en;
			hasScannedForEncodings = 0;
			knownRegions = (
				en,
				Base,
			);
			mainGroup = 6C60338E230B60B000746309;
			productRefGroup = 6C603398230B60B000746309 /* Products */;
			projectDirPath = "";
			projectRoot = "";
			targets = (
				6C603396230B60B000746309 /* RanchFarms */,
			);
		};
/* End PBXProject section */

/* Begin PBXResourcesBuildPhase section */
		6C603395230B60B000746309 /* Resources */ = {
			isa = PBXResourcesBuildPhase;
			buildActionMask = 2147483647;
			files = (
				6C60339D230B60B000746309 /* GameScene.sks in Resources */,
				6C6033A5230B60B300746309 /* Assets.xcassets in Resources */,
				6C6033A8230B60B300746309 /* Main.storyboard in Resources */,
				6C6033B1230B61B600746309 /* SplashScene.sks in Resources */,
			);
			runOnlyForDeploymentPostprocessing = 0;
		};
/* End PBXResourcesBuildPhase section */

/* Begin PBXSourcesBuildPhase section */
		6C603393230B60B000746309 /* Sources */ = {
			isa = PBXSourcesBuildPhase;
			buildActionMask = 2147483647;
			files = (
				6C6033A3230B60B000746309 /* ViewController.swift in Sources */,
				6C6033B3230B61BF00746309 /* SplashScene.swift in Sources */,
				6C6033A1230B60B000746309 /* GameScene.swift in Sources */,
				6C60339B230B60B000746309 /* AppDelegate.swift in Sources */,
				6C6033B5230B624700746309 /* BaseScene.swift in Sources */,
			);
			runOnlyForDeploymentPostprocessing = 0;
		};
/* End PBXSourcesBuildPhase section */

/* Begin PBXVariantGroup section */
		6C6033A6230B60B300746309 /* Main.storyboard */ = {
			isa = PBXVariantGroup;
			children = (
				6C6033A7230B60B300746309 /* Base */,
			);
			name = Main.storyboard;
			sourceTree = "<group>";
		};
/* End PBXVariantGroup section */

/* Begin XCBuildConfiguration section */
		6C6033AB230B60B300746309 /* Debug */ = {
			isa = XCBuildConfiguration;
			buildSettings = {
				ALWAYS_SEARCH_USER_PATHS = NO;
				CLANG_ANALYZER_NONNULL = YES;
				CLANG_ANALYZER_NUMBER_OBJECT_CONVERSION = YES_AGGRESSIVE;
				CLANG_CXX_LANGUAGE_STANDARD = "gnu++14";
				CLANG_CXX_LIBRARY = "libc++";
				CLANG_ENABLE_MODULES = YES;
				CLANG_ENABLE_OBJC_ARC = YES;
				CLANG_ENABLE_OBJC_WEAK = YES;
				CLANG_WARN_BLOCK_CAPTURE_AUTORELEASING = YES;
				CLANG_WARN_BOOL_CONVERSION = YES;
				CLANG_WARN_COMMA = YES;
				CLANG_WARN_CONSTANT_CONVERSION = YES;
				CLANG_WARN_DEPRECATED_OBJC_IMPLEMENTATIONS = YES;
				CLANG_WARN_DIRECT_OBJC_ISA_USAGE = YES_ERROR;
				CLANG_WARN_DOCUMENTATION_COMMENTS = YES;
				CLANG_WARN_EMPTY_BODY = YES;
				CLANG_WARN_ENUM_CONVERSION = YES;
				CLANG_WARN_INFINITE_RECURSION = YES;
				CLANG_WARN_INT_CONVERSION = YES;
				CLANG_WARN_NON_LITERAL_NULL_CONVERSION = YES;
				CLANG_WARN_OBJC_IMPLICIT_RETAIN_SELF = YES;
				CLANG_WARN_OBJC_LITERAL_CONVERSION = YES;
				CLANG_WARN_OBJC_ROOT_CLASS = YES_ERROR;
				CLANG_WARN_RANGE_LOOP_ANALYSIS = YES;
				CLANG_WARN_STRICT_PROTOTYPES = YES;
				CLANG_WARN_SUSPICIOUS_MOVE = YES;
				CLANG_WARN_UNGUARDED_AVAILABILITY = YES_AGGRESSIVE;
				CLANG_WARN_UNREACHABLE_CODE = YES;
				CLANG_WARN__DUPLICATE_METHOD_MATCH = YES;
				CODE_SIGN_IDENTITY = "Mac Developer";
				COPY_PHASE_STRIP = NO;
				DEBUG_INFORMATION_FORMAT = dwarf;
				ENABLE_STRICT_OBJC_MSGSEND = YES;
				ENABLE_TESTABILITY = YES;
				GCC_C_LANGUAGE_STANDARD = gnu11;
				GCC_DYNAMIC_NO_PIC = NO;
				GCC_NO_COMMON_BLOCKS = YES;
				GCC_OPTIMIZATION_LEVEL = 0;
				GCC_PREPROCESSOR_DEFINITIONS = (
					"DEBUG=1",
					"$(inherited)",
				);
				GCC_WARN_64_TO_32_BIT_CONVERSION = YES;
				GCC_WARN_ABOUT_RETURN_TYPE = YES_ERROR;
				GCC_WARN_UNDECLARED_SELECTOR = YES;
				GCC_WARN_UNINITIALIZED_AUTOS = YES_AGGRESSIVE;
				GCC_WARN_UNUSED_FUNCTION = YES;
				GCC_WARN_UNUSED_VARIABLE = YES;
				MACOSX_DEPLOYMENT_TARGET = 10.14;
				MTL_ENABLE_DEBUG_INFO = INCLUDE_SOURCE;
				MTL_FAST_MATH = YES;
				ONLY_ACTIVE_ARCH = YES;
				SDKROOT = macosx;
				SWIFT_ACTIVE_COMPILATION_CONDITIONS = DEBUG;
				SWIFT_OPTIMIZATION_LEVEL = "-Onone";
			};
			name = Debug;
		};
		6C6033AC230B60B300746309 /* Release */ = {
			isa = XCBuildConfiguration;
			buildSettings = {
				ALWAYS_SEARCH_USER_PATHS = NO;
				CLANG_ANALYZER_NONNULL = YES;
				CLANG_ANALYZER_NUMBER_OBJECT_CONVERSION = YES_AGGRESSIVE;
				CLANG_CXX_LANGUAGE_STANDARD = "gnu++14";
				CLANG_CXX_LIBRARY = "libc++";
				CLANG_ENABLE_MODULES = YES;
				CLANG_ENABLE_OBJC_ARC = YES;
				CLANG_ENABLE_OBJC_WEAK = YES;
				CLANG_WARN_BLOCK_CAPTURE_AUTORELEASING = YES;
				CLANG_WARN_BOOL_CONVERSION = YES;
				CLANG_WARN_COMMA = YES;
				CLANG_WARN_CONSTANT_CONVERSION = YES;
				CLANG_WARN_DEPRECATED_OBJC_IMPLEMENTATIONS = YES;
				CLANG_WARN_DIRECT_OBJC_ISA_USAGE = YES_ERROR;
				CLANG_WARN_DOCUMENTATION_COMMENTS = YES;
				CLANG_WARN_EMPTY_BODY = YES;
				CLANG_WARN_ENUM_CONVERSION = YES;
				CLANG_WARN_INFINITE_RECURSION = YES;
				CLANG_WARN_INT_CONVERSION = YES;
				CLANG_WARN_NON_LITERAL_NULL_CONVERSION = YES;
				CLANG_WARN_OBJC_IMPLICIT_RETAIN_SELF = YES;
				CLANG_WARN_OBJC_LITERAL_CONVERSION = YES;
				CLANG_WARN_OBJC_ROOT_CLASS = YES_ERROR;
				CLANG_WARN_RANGE_LOOP_ANALYSIS = YES;
				CLANG_WARN_STRICT_PROTOTYPES = YES;
				CLANG_WARN_SUSPICIOUS_MOVE = YES;
				CLANG_WARN_UNGUARDED_AVAILABILITY = YES_AGGRESSIVE;
				CLANG_WARN_UNREACHABLE_CODE = YES;
				CLANG_WARN__DUPLICATE_METHOD_MATCH = YES;
				CODE_SIGN_IDENTITY = "Mac Developer";
				COPY_PHASE_STRIP = NO;
				DEBUG_INFORMATION_FORMAT = "dwarf-with-dsym";
				ENABLE_NS_ASSERTIONS = NO;
				ENABLE_STRICT_OBJC_MSGSEND = YES;
				GCC_C_LANGUAGE_STANDARD = gnu11;
				GCC_NO_COMMON_BLOCKS = YES;
				GCC_WARN_64_TO_32_BIT_CONVERSION = YES;
				GCC_WARN_ABOUT_RETURN_TYPE = YES_ERROR;
				GCC_WARN_UNDECLARED_SELECTOR = YES;
				GCC_WARN_UNINITIALIZED_AUTOS = YES_AGGRESSIVE;
				GCC_WARN_UNUSED_FUNCTION = YES;
				GCC_WARN_UNUSED_VARIABLE = YES;
				MACOSX_DEPLOYMENT_TARGET = 10.14;
				MTL_ENABLE_DEBUG_INFO = NO;
				MTL_FAST_MATH = YES;
				SDKROOT = macosx;
				SWIFT_COMPILATION_MODE = wholemodule;
				SWIFT_OPTIMIZATION_LEVEL = "-O";
			};
			name = Release;
		};
		6C6033AE230B60B300746309 /* Debug */ = {
			isa = XCBuildConfiguration;
			buildSettings = {
				ASSETCATALOG_COMPILER_APPICON_NAME = AppIcon;
				CODE_SIGN_ENTITLEMENTS = RanchFarms/RanchFarms.entitlements;
				CODE_SIGN_STYLE = Automatic;
				COMBINE_HIDPI_IMAGES = YES;
				DEVELOPMENT_TEAM = 6CZCACCVMJ;
				INFOPLIST_FILE = RanchFarms/Info.plist;
				LD_RUNPATH_SEARCH_PATHS = (
					"$(inherited)",
					"@executable_path/../Frameworks",
				);
				PRODUCT_BUNDLE_IDENTIFIER = com.ApatoLabs.RanchFarms;
				PRODUCT_NAME = "$(TARGET_NAME)";
				SWIFT_VERSION = 5.0;
			};
			name = Debug;
		};
		6C6033AF230B60B300746309 /* Release */ = {
			isa = XCBuildConfiguration;
			buildSettings = {
				ASSETCATALOG_COMPILER_APPICON_NAME = AppIcon;
				CODE_SIGN_ENTITLEMENTS = RanchFarms/RanchFarms.entitlements;
				CODE_SIGN_STYLE = Automatic;
				COMBINE_HIDPI_IMAGES = YES;
				DEVELOPMENT_TEAM = 6CZCACCVMJ;
				INFOPLIST_FILE = RanchFarms/Info.plist;
				LD_RUNPATH_SEARCH_PATHS = (
					"$(inherited)",
					"@executable_path/../Frameworks",
				);
				PRODUCT_BUNDLE_IDENTIFIER = com.ApatoLabs.RanchFarms;
				PRODUCT_NAME = "$(TARGET_NAME)";
				SWIFT_VERSION = 5.0;
			};
			name = Release;
		};
/* End XCBuildConfiguration section */

/* Begin XCConfigurationList section */
		6C603392230B60B000746309 /* Build configuration list for PBXProject "RanchFarms" */ = {
			isa = XCConfigurationList;
			buildConfigurations = (
				6C6033AB230B60B300746309 /* Debug */,
				6C6033AC230B60B300746309 /* Release */,
			);
			defaultConfigurationIsVisible = 0;
			defaultConfigurationName = Release;
		};
		6C6033AD230B60B300746309 /* Build configuration list for PBXNativeTarget "RanchFarms" */ = {
			isa = XCConfigurationList;
			buildConfigurations = (
				6C6033AE230B60B300746309 /* Debug */,
				6C6033AF230B60B300746309 /* Release */,
			);
			defaultConfigurationIsVisible = 0;
			defaultConfigurationName = Release;
		};
/* End XCConfigurationList section */
	};
	rootObject = 6C60338F230B60B000746309 /* Project object */;
}
